
Microsoft Visual Studio Solution File, Format Version 12.00
# Visual Studio Version 16
VisualStudioVersion = 16.0.29123.88
MinimumVisualStudioVersion = 10.0.40219.1
Project("{9A19103F-16F7-4668-BE54-9A1E7A4F7556}") = "Travel.API", "Travel.API\Travel.API.csproj", "{1068BBC9-40A4-4F49-88AF-25050CF756C0}"
EndProject
Project("{9A19103F-16F7-4668-BE54-9A1E7A4F7556}") = "Travel.Business", "Travel.Business\Travel.Business.csproj", "{0602641B-D2DE-4534-8A35-8BCFA613E6D8}"
EndProject
Project("{9A19103F-16F7-4668-BE54-9A1E7A4F7556}") = "Travel.DataAccess", "Travel.DataAccess\Travel.DataAccess.csproj", "{16770DF7-7797-4334-85C0-BA487B8F2191}"
EndProject
Global
	GlobalSection(SolutionConfigurationPlatforms) = preSolution
		Debug|Any CPU = Debug|Any CPU
		Release|Any CPU = Release|Any CPU
	EndGlobalSection
	GlobalSection(ProjectConfigurationPlatforms) = postSolution
		{1068BBC9-40A4-4F49-88AF-25050CF756C0}.Debug|Any CPU.ActiveCfg = Debug|Any CPU
		{1068BBC9-40A4-4F49-88AF-25050CF756C0}.Debug|Any CPU.Build.0 = Debug|Any CPU
		{1068BBC9-40A4-4F49-88AF-25050CF756C0}.Release|Any CPU.ActiveCfg = Release|Any CPU
		{1068BBC9-40A4-4F49-88AF-25050CF756C0}.Release|Any CPU.Build.0 = Release|Any CPU
		{0602641B-D2DE-4534-8A35-8BCFA613E6D8}.Debug|Any CPU.ActiveCfg = Debug|Any CPU
		{0602641B-D2DE-4534-8A35-8BCFA613E6D8}.Debug|Any CPU.Build.0 = Debug|Any CPU
		{0602641B-D2DE-4534-8A35-8BCFA613E6D8}.Release|Any CPU.ActiveCfg = Release|Any CPU
		{0602641B-D2DE-4534-8A35-8BCFA613E6D8}.Release|Any CPU.Build.0 = Release|Any CPU
		{16770DF7-7797-4334-85C0-BA487B8F2191}.Debug|Any CPU.ActiveCfg = Debug|Any CPU
		{16770DF7-7797-4334-85C0-BA487B8F2191}.Debug|Any CPU.Build.0 = Debug|Any CPU
		{16770DF7-7797-4334-85C0-BA487B8F2191}.Release|Any CPU.ActiveCfg = Release|Any CPU
		{16770DF7-7797-4334-85C0-BA487B8F2191}.Release|Any CPU.Build.0 = Release|Any CPU
	EndGlobalSection
	GlobalSection(SolutionProperties) = preSolution
		HideSolutionNode = FALSE
	EndGlobalSection
	GlobalSection(ExtensibilityGlobals) = postSolution
		SolutionGuid = {40F85C8E-2B5C-4635-AA99-033BC9FE2EC5}
	EndGlobalSection
EndGlobal
